
Microsoft Visual Studio Solution File, Format Version 12.00
# Visual Studio 15
VisualStudioVersion = 15.0.28307.168
MinimumVisualStudioVersion = 10.0.40219.1
Project("{FAE04EC0-301F-11D3-BF4B-00C04F79EFBC}") = "DatabaseTesting", "DatabaseTesting\DatabaseTesting.csproj", "{A84F6F14-F56B-4501-B7B4-0448D543232C}"
EndProject
Project("{FAE04EC0-301F-11D3-BF4B-00C04F79EFBC}") = "Tests", "Tests\Tests.csproj", "{C5BB6FE4-18B4-4952-B46C-E8BB59E195D5}"
EndProject
Global
	GlobalSection(SolutionConfigurationPlatforms) = preSolution
		Debug|Any CPU = Debug|Any CPU
		Release|Any CPU = Release|Any CPU
	EndGlobalSection
	GlobalSection(ProjectConfigurationPlatforms) = postSolution
		{A84F6F14-F56B-4501-B7B4-0448D543232C}.Debug|Any CPU.ActiveCfg = Debug|Any CPU
		{A84F6F14-F56B-4501-B7B4-0448D543232C}.Debug|Any CPU.Build.0 = Debug|Any CPU
		{A84F6F14-F56B-4501-B7B4-0448D543232C}.Release|Any CPU.ActiveCfg = Release|Any CPU
		{A84F6F14-F56B-4501-B7B4-0448D543232C}.Release|Any CPU.Build.0 = Release|Any CPU
		{C5BB6FE4-18B4-4952-B46C-E8BB59E195D5}.Debug|Any CPU.ActiveCfg = Debug|Any CPU
		{C5BB6FE4-18B4-4952-B46C-E8BB59E195D5}.Debug|Any CPU.Build.0 = Debug|Any CPU
		{C5BB6FE4-18B4-4952-B46C-E8BB59E195D5}.Release|Any CPU.ActiveCfg = Release|Any CPU
		{C5BB6FE4-18B4-4952-B46C-E8BB59E195D5}.Release|Any CPU.Build.0 = Release|Any CPU
	EndGlobalSection
	GlobalSection(SolutionProperties) = preSolution
		HideSolutionNode = FALSE
	EndGlobalSection
	GlobalSection(ExtensibilityGlobals) = postSolution
		SolutionGuid = {68C733ED-D975-4666-B204-E3A9B54D1F49}
	EndGlobalSection
EndGlobal
